
Microsoft Visual Studio Solution File, Format Version 12.00
Project("{FAE04EC0-301F-11D3-BF4B-00C04F79EFBC}") = "Main2", "Main2\Main2.csproj", "{A58DF938-0260-45B4-A64C-9BE14EA96487}"
EndProject
Global
	GlobalSection(SolutionConfigurationPlatforms) = preSolution
		Debug|Any CPU = Debug|Any CPU
		Release|Any CPU = Release|Any CPU
	EndGlobalSection
	GlobalSection(ProjectConfigurationPlatforms) = postSolution
		{A58DF938-0260-45B4-A64C-9BE14EA96487}.Debug|Any CPU.ActiveCfg = Debug|Any CPU
		{A58DF938-0260-45B4-A64C-9BE14EA96487}.Debug|Any CPU.Build.0 = Debug|Any CPU
		{A58DF938-0260-45B4-A64C-9BE14EA96487}.Release|Any CPU.ActiveCfg = Release|Any CPU
		{A58DF938-0260-45B4-A64C-9BE14EA96487}.Release|Any CPU.Build.0 = Release|Any CPU
	EndGlobalSection
EndGlobal
